
Microsoft Visual Studio Solution File, Format Version 12.00
# Visual Studio Version 17
VisualStudioVersion = 17.4.33122.133
MinimumVisualStudioVersion = 10.0.40219.1
Project("{FAE04EC0-301F-11D3-BF4B-00C04F79EFBC}") = "ThisKeyword", "ThisKeyword.csproj", "{D9969DE2-B1BD-4015-9447-5ABC2CA9D537}"
EndProject
Global
	GlobalSection(SolutionConfigurationPlatforms) = preSolution
		Debug|Any CPU = Debug|Any CPU
		Release|Any CPU = Release|Any CPU
	EndGlobalSection
	GlobalSection(ProjectConfigurationPlatforms) = postSolution
		{D9969DE2-B1BD-4015-9447-5ABC2CA9D537}.Debug|Any CPU.ActiveCfg = Debug|Any CPU
		{D9969DE2-B1BD-4015-9447-5ABC2CA9D537}.Debug|Any CPU.Build.0 = Debug|Any CPU
		{D9969DE2-B1BD-4015-9447-5ABC2CA9D537}.Release|Any CPU.ActiveCfg = Release|Any CPU
		{D9969DE2-B1BD-4015-9447-5ABC2CA9D537}.Release|Any CPU.Build.0 = Release|Any CPU
	EndGlobalSection
	GlobalSection(SolutionProperties) = preSolution
		HideSolutionNode = FALSE
	EndGlobalSection
	GlobalSection(ExtensibilityGlobals) = postSolution
		SolutionGuid = {6F257FDB-5B15-49E6-854C-04D282A3716C}
	EndGlobalSection
EndGlobal
