
Microsoft Visual Studio Solution File, Format Version 12.00
# Visual Studio Version 17
VisualStudioVersion = 17.4.33122.133
MinimumVisualStudioVersion = 10.0.40219.1
Project("{FAE04EC0-301F-11D3-BF4B-00C04F79EFBC}") = "SwitchStatements", "SwitchStatements.csproj", "{0FDD9C8D-A260-4042-8D30-CC03002423FD}"
EndProject
Global
	GlobalSection(SolutionConfigurationPlatforms) = preSolution
		Debug|Any CPU = Debug|Any CPU
		Release|Any CPU = Release|Any CPU
	EndGlobalSection
	GlobalSection(ProjectConfigurationPlatforms) = postSolution
		{0FDD9C8D-A260-4042-8D30-CC03002423FD}.Debug|Any CPU.ActiveCfg = Debug|Any CPU
		{0FDD9C8D-A260-4042-8D30-CC03002423FD}.Debug|Any CPU.Build.0 = Debug|Any CPU
		{0FDD9C8D-A260-4042-8D30-CC03002423FD}.Release|Any CPU.ActiveCfg = Release|Any CPU
		{0FDD9C8D-A260-4042-8D30-CC03002423FD}.Release|Any CPU.Build.0 = Release|Any CPU
	EndGlobalSection
	GlobalSection(SolutionProperties) = preSolution
		HideSolutionNode = FALSE
	EndGlobalSection
	GlobalSection(ExtensibilityGlobals) = postSolution
		SolutionGuid = {EB4EBD4E-A58B-4434-A49B-8A0E4C7945BE}
	EndGlobalSection
EndGlobal
