
Microsoft Visual Studio Solution File, Format Version 12.00
# Visual Studio Version 17
VisualStudioVersion = 17.4.33122.133
MinimumVisualStudioVersion = 10.0.40219.1
Project("{FAE04EC0-301F-11D3-BF4B-00C04F79EFBC}") = "ConstructorExample", "ConstructorExample.csproj", "{C575D192-2F32-4415-9307-3C9D55EFB0F8}"
EndProject
Global
	GlobalSection(SolutionConfigurationPlatforms) = preSolution
		Debug|Any CPU = Debug|Any CPU
		Release|Any CPU = Release|Any CPU
	EndGlobalSection
	GlobalSection(ProjectConfigurationPlatforms) = postSolution
		{C575D192-2F32-4415-9307-3C9D55EFB0F8}.Debug|Any CPU.ActiveCfg = Debug|Any CPU
		{C575D192-2F32-4415-9307-3C9D55EFB0F8}.Debug|Any CPU.Build.0 = Debug|Any CPU
		{C575D192-2F32-4415-9307-3C9D55EFB0F8}.Release|Any CPU.ActiveCfg = Release|Any CPU
		{C575D192-2F32-4415-9307-3C9D55EFB0F8}.Release|Any CPU.Build.0 = Release|Any CPU
	EndGlobalSection
	GlobalSection(SolutionProperties) = preSolution
		HideSolutionNode = FALSE
	EndGlobalSection
	GlobalSection(ExtensibilityGlobals) = postSolution
		SolutionGuid = {B215BDFC-90DD-413A-A022-FD558EEFA4FA}
	EndGlobalSection
EndGlobal
